{
	"requires": true,
	"lockfileVersion": 1,
	"dependencies": {
		"@types/prop-types": {
			"version": "15.7.0",
			"resolved": "https://registry.npmjs.org/@types/prop-types/-/prop-types-15.7.0.tgz",
			"integrity": "sha512-eItQyV43bj4rR3JPV0Skpl1SncRCdziTEK9/v8VwXmV6d/qOUO8/EuWeHBbCZcsfSHfzI5UyMJLCSXtxxznyZg==",
			"dev": true
		},
		"@types/react": {
			"version": "16.8.4",
			"resolved": "https://registry.npmjs.org/@types/react/-/react-16.8.4.tgz",
			"integrity": "sha512-Mpz1NNMJvrjf0GcDqiK8+YeOydXfD8Mgag3UtqQ5lXYTsMnOiHcKmO48LiSWMb1rSHB9MV/jlgyNzeAVxWMZRQ==",
			"dev": true,
			"requires": {
				"@types/prop-types": "*",
				"csstype": "^2.2.0"
			}
		},
		"csstype": {
			"version": "2.6.1",
			"resolved": "https://registry.npmjs.org/csstype/-/csstype-2.6.1.tgz",
			"integrity": "sha512-wv7IRqCGsL7WGKB8gPvrl+++HlFM9kxAM6jL1EXNPNTshEJYilMkbfS2SnuHha77uosp/YVK0wAp2jmlBzn1tg==",
			"dev": true
		},
		"easytimer.js": {
			"version": "3.2.0",
			"resolved": "https://registry.npmjs.org/easytimer.js/-/easytimer.js-3.2.0.tgz",
			"integrity": "sha512-XcQsAKHxVHmyBwwQ5ZQnwKHWHSPLiebTCk73ui68sNsqo6sfjpakDLuAnbuUt3eYomC5Gz2fslV3hEtFUnrDbw=="
		},
		"lodash": {
			"version": "4.17.14",
			"resolved": "https://registry.npmjs.org/lodash/-/lodash-4.17.14.tgz",
			"integrity": "sha512-mmKYbW3GLuJeX+iGP+Y7Gp1AiGHGbXHCOh/jZmrawMmsE7MS4znI3RL2FsjbqOyMayHInjOeykW7PEajUk1/xw=="
		},
		"reactn": {
			"version": "2.1.4",
			"resolved": "https://registry.npmjs.org/reactn/-/reactn-2.1.4.tgz",
			"integrity": "sha512-RF1HR5pDVAAOhmPcZb/03l1xr/qGp2NqTyvDyOjL8OjrctjonyW46CsYlKAG26Xlo56PDhfssiDYMQ75RYyOlg==",
			"requires": {
				"use-force-update": "^1.0.5"
			}
		},
		"use-force-update": {
			"version": "1.0.7",
			"resolved": "https://registry.npmjs.org/use-force-update/-/use-force-update-1.0.7.tgz",
			"integrity": "sha512-k5dppYhO+I5X/cd7ildbrzeMZJkWwdAh5adaIk0qKN2euh7J0h2GBGBcB4QZ385eyHHnp7LIygvebdRx3XKdwA=="
		}
	}
}
